// !$*UTF8*$!
{
	archiveVersion = 1;
	classes = {
	};
	objectVersion = 46;
	objects = {

/* Begin PBXBuildFile section */
		DE5F693719AD80AB00392416 /* Foundation.framework in Frameworks */ = {isa = PBXBuildFile; fileRef = DE5F693619AD80AB00392416 /* Foundation.framework */; };
		DE5F693919AD80AB00392416 /* CoreGraphics.framework in Frameworks */ = {isa = PBXBuildFile; fileRef = DE5F693819AD80AB00392416 /* CoreGraphics.framework */; };
		DE5F693B19AD80AB00392416 /* UIKit.framework in Frameworks */ = {isa = PBXBuildFile; fileRef = DE5F693A19AD80AB00392416 /* UIKit.framework */; };
		DE5F694119AD80AB00392416 /* InfoPlist.strings in Resources */ = {isa = PBXBuildFile; fileRef = DE5F693F19AD80AB00392416 /* InfoPlist.strings */; };
		DE5F694319AD80AB00392416 /* main.m in Sources */ = {isa = PBXBuildFile; fileRef = DE5F694219AD80AB00392416 /* main.m */; };
		DE5F694719AD80AB00392416 /* AppDelegate.m in Sources */ = {isa = PBXBuildFile; fileRef = DE5F694619AD80AB00392416 /* AppDelegate.m */; };
		DE5F694919AD80AB00392416 /* Images.xcassets in Resources */ = {isa = PBXBuildFile; fileRef = DE5F694819AD80AB00392416 /* Images.xcassets */; };
		DE5F695019AD80AB00392416 /* XCTest.framework in Frameworks */ = {isa = PBXBuildFile; fileRef = DE5F694F19AD80AB00392416 /* XCTest.framework */; };
		DE5F695119AD80AB00392416 /* Foundation.framework in Frameworks */ = {isa = PBXBuildFile; fileRef = DE5F693619AD80AB00392416 /* Foundation.framework */; };
		DE5F695219AD80AB00392416 /* UIKit.framework in Frameworks */ = {isa = PBXBuildFile; fileRef = DE5F693A19AD80AB00392416 /* UIKit.framework */; };
		DE5F695A19AD80AB00392416 /* InfoPlist.strings in Resources */ = {isa = PBXBuildFile; fileRef = DE5F695819AD80AB00392416 /* InfoPlist.strings */; };
		DE5F695C19AD80AB00392416 /* ActivitiesTreasure_iOSTests.m in Sources */ = {isa = PBXBuildFile; fileRef = DE5F695B19AD80AB00392416 /* ActivitiesTreasure_iOSTests.m */; };
/* End PBXBuildFile section */

/* Begin PBXContainerItemProxy section */
		DE5F695319AD80AB00392416 /* PBXContainerItemProxy */ = {
			isa = PBXContainerItemProxy;
			containerPortal = DE5F692B19AD80AB00392416 /* Project object */;
			proxyType = 1;
			remoteGlobalIDString = DE5F693219AD80AB00392416;
			remoteInfo = "ActivitiesTreasure-iOS";
		};
/* End PBXContainerItemProxy section */

/* Begin PBXFileReference section */
		DE5F693319AD80AB00392416 /* ActivitiesTreasure-iOS.app */ = {isa = PBXFileReference; explicitFileType = wrapper.application; includeInIndex = 0; path = "ActivitiesTreasure-iOS.app"; sourceTree = BUILT_PRODUCTS_DIR; };
		DE5F693619AD80AB00392416 /* Foundation.framework */ = {isa = PBXFileReference; lastKnownFileType = wrapper.framework; name = Foundation.framework; path = System/Library/Frameworks/Foundation.framework; sourceTree = SDKROOT; };
		DE5F693819AD80AB00392416 /* CoreGraphics.framework */ = {isa = PBXFileReference; lastKnownFileType = wrapper.framework; name = CoreGraphics.framework; path = System/Library/Frameworks/CoreGraphics.framework; sourceTree = SDKROOT; };
		DE5F693A19AD80AB00392416 /* UIKit.framework */ = {isa = PBXFileReference; lastKnownFileType = wrapper.framework; name = UIKit.framework; path = System/Library/Frameworks/UIKit.framework; sourceTree = SDKROOT; };
		DE5F693E19AD80AB00392416 /* ActivitiesTreasure-iOS-Info.plist */ = {isa = PBXFileReference; lastKnownFileType = text.plist.xml; path = "ActivitiesTreasure-iOS-Info.plist"; sourceTree = "<group>"; };
		DE5F694019AD80AB00392416 /* en */ = {isa = PBXFileReference; lastKnownFileType = text.plist.strings; name = en; path = en.lproj/InfoPlist.strings; sourceTree = "<group>"; };
		DE5F694219AD80AB00392416 /* main.m */ = {isa = PBXFileReference; lastKnownFileType = sourcecode.c.objc; path = main.m; sourceTree = "<group>"; };
		DE5F694419AD80AB00392416 /* ActivitiesTreasure-iOS-Prefix.pch */ = {isa = PBXFileReference; lastKnownFileType = sourcecode.c.h; path = "ActivitiesTreasure-iOS-Prefix.pch"; sourceTree = "<group>"; };
		DE5F694519AD80AB00392416 /* AppDelegate.h */ = {isa = PBXFileReference; lastKnownFileType = sourcecode.c.h; path = AppDelegate.h; sourceTree = "<group>"; };
		DE5F694619AD80AB00392416 /* AppDelegate.m */ = {isa = PBXFileReference; lastKnownFileType = sourcecode.c.objc; path = AppDelegate.m; sourceTree = "<group>"; };
		DE5F694819AD80AB00392416 /* Images.xcassets */ = {isa = PBXFileReference; lastKnownFileType = folder.assetcatalog; path = Images.xcassets; sourceTree = "<group>"; };
		DE5F694E19AD80AB00392416 /* ActivitiesTreasure-iOSTests.xctest */ = {isa = PBXFileReference; explicitFileType = wrapper.cfbundle; includeInIndex = 0; path = "ActivitiesTreasure-iOSTests.xctest"; sourceTree = BUILT_PRODUCTS_DIR; };
		DE5F694F19AD80AB00392416 /* XCTest.framework */ = {isa = PBXFileReference; lastKnownFileType = wrapper.framework; name = XCTest.framework; path = Library/Frameworks/XCTest.framework; sourceTree = DEVELOPER_DIR; };
		DE5F695719AD80AB00392416 /* ActivitiesTreasure-iOSTests-Info.plist */ = {isa = PBXFileReference; lastKnownFileType = text.plist.xml; path = "ActivitiesTreasure-iOSTests-Info.plist"; sourceTree = "<group>"; };
		DE5F695919AD80AB00392416 /* en */ = {isa = PBXFileReference; lastKnownFileType = text.plist.strings; name = en; path = en.lproj/InfoPlist.strings; sourceTree = "<group>"; };
		DE5F695B19AD80AB00392416 /* ActivitiesTreasure_iOSTests.m */ = {isa = PBXFileReference; lastKnownFileType = sourcecode.c.objc; path = ActivitiesTreasure_iOSTests.m; sourceTree = "<group>"; };
/* End PBXFileReference section */

/* Begin PBXFrameworksBuildPhase section */
		DE5F693019AD80AB00392416 /* Frameworks */ = {
			isa = PBXFrameworksBuildPhase;
			buildActionMask = 2147483647;
			files = (
				DE5F693919AD80AB00392416 /* CoreGraphics.framework in Frameworks */,
				DE5F693B19AD80AB00392416 /* UIKit.framework in Frameworks */,
				DE5F693719AD80AB00392416 /* Foundation.framework in Frameworks */,
			);
			runOnlyForDeploymentPostprocessing = 0;
		};
		DE5F694B19AD80AB00392416 /* Frameworks */ = {
			isa = PBXFrameworksBuildPhase;
			buildActionMask = 2147483647;
			files = (
				DE5F695019AD80AB00392416 /* XCTest.framework in Frameworks */,
				DE5F695219AD80AB00392416 /* UIKit.framework in Frameworks */,
				DE5F695119AD80AB00392416 /* Foundation.framework in Frameworks */,
			);
			runOnlyForDeploymentPostprocessing = 0;
		};
/* End PBXFrameworksBuildPhase section */

/* Begin PBXGroup section */
		DE5F692A19AD80AB00392416 = {
			isa = PBXGroup;
			children = (
				DE5F693C19AD80AB00392416 /* ActivitiesTreasure-iOS */,
				DE5F695519AD80AB00392416 /* ActivitiesTreasure-iOSTests */,
				DE5F693519AD80AB00392416 /* Frameworks */,
				DE5F693419AD80AB00392416 /* Products */,
			);
			sourceTree = "<group>";
		};
		DE5F693419AD80AB00392416 /* Products */ = {
			isa = PBXGroup;
			children = (
				DE5F693319AD80AB00392416 /* ActivitiesTreasure-iOS.app */,
				DE5F694E19AD80AB00392416 /* ActivitiesTreasure-iOSTests.xctest */,
			);
			name = Products;
			sourceTree = "<group>";
		};
		DE5F693519AD80AB00392416 /* Frameworks */ = {
			isa = PBXGroup;
			children = (
				DE5F693619AD80AB00392416 /* Foundation.framework */,
				DE5F693819AD80AB00392416 /* CoreGraphics.framework */,
				DE5F693A19AD80AB00392416 /* UIKit.framework */,
				DE5F694F19AD80AB00392416 /* XCTest.framework */,
			);
			name = Frameworks;
			sourceTree = "<group>";
		};
		DE5F693C19AD80AB00392416 /* ActivitiesTreasure-iOS */ = {
			isa = PBXGroup;
			children = (
				DE5F694519AD80AB00392416 /* AppDelegate.h */,
				DE5F694619AD80AB00392416 /* AppDelegate.m */,
				DE5F694819AD80AB00392416 /* Images.xcassets */,
				DE5F693D19AD80AB00392416 /* Supporting Files */,
			);
			path = "ActivitiesTreasure-iOS";
			sourceTree = "<group>";
		};
		DE5F693D19AD80AB00392416 /* Supporting Files */ = {
			isa = PBXGroup;
			children = (
				DE5F693E19AD80AB00392416 /* ActivitiesTreasure-iOS-Info.plist */,
				DE5F693F19AD80AB00392416 /* InfoPlist.strings */,
				DE5F694219AD80AB00392416 /* main.m */,
				DE5F694419AD80AB00392416 /* ActivitiesTreasure-iOS-Prefix.pch */,
			);
			name = "Supporting Files";
			sourceTree = "<group>";
		};
		DE5F695519AD80AB00392416 /* ActivitiesTreasure-iOSTests */ = {
			isa = PBXGroup;
			children = (
				DE5F695B19AD80AB00392416 /* ActivitiesTreasure_iOSTests.m */,
				DE5F695619AD80AB00392416 /* Supporting Files */,
			);
			path = "ActivitiesTreasure-iOSTests";
			sourceTree = "<group>";
		};
		DE5F695619AD80AB00392416 /* Supporting Files */ = {
			isa = PBXGroup;
			children = (
				DE5F695719AD80AB00392416 /* ActivitiesTreasure-iOSTests-Info.plist */,
				DE5F695819AD80AB00392416 /* InfoPlist.strings */,
			);
			name = "Supporting Files";
			sourceTree = "<group>";
		};
/* End PBXGroup section */

/* Begin PBXNativeTarget section */
		DE5F693219AD80AB00392416 /* ActivitiesTreasure-iOS */ = {
			isa = PBXNativeTarget;
			buildConfigurationList = DE5F695F19AD80AB00392416 /* Build configuration list for PBXNativeTarget "ActivitiesTreasure-iOS" */;
			buildPhases = (
				DE5F692F19AD80AB00392416 /* Sources */,
				DE5F693019AD80AB00392416 /* Frameworks */,
				DE5F693119AD80AB00392416 /* Resources */,
			);
			buildRules = (
			);
			dependencies = (
			);
			name = "ActivitiesTreasure-iOS";
			productName = "ActivitiesTreasure-iOS";
			productReference = DE5F693319AD80AB00392416 /* ActivitiesTreasure-iOS.app */;
			productType = "com.apple.product-type.application";
		};
		DE5F694D19AD80AB00392416 /* ActivitiesTreasure-iOSTests */ = {
			isa = PBXNativeTarget;
			buildConfigurationList = DE5F696219AD80AB00392416 /* Build configuration list for PBXNativeTarget "ActivitiesTreasure-iOSTests" */;
			buildPhases = (
				DE5F694A19AD80AB00392416 /* Sources */,
				DE5F694B19AD80AB00392416 /* Frameworks */,
				DE5F694C19AD80AB00392416 /* Resources */,
			);
			buildRules = (
			);
			dependencies = (
				DE5F695419AD80AB00392416 /* PBXTargetDependency */,
			);
			name = "ActivitiesTreasure-iOSTests";
			productName = "ActivitiesTreasure-iOSTests";
			productReference = DE5F694E19AD80AB00392416 /* ActivitiesTreasure-iOSTests.xctest */;
			productType = "com.apple.product-type.bundle.unit-test";
		};
/* End PBXNativeTarget section */

/* Begin PBXProject section */
		DE5F692B19AD80AB00392416 /* Project object */ = {
			isa = PBXProject;
			attributes = {
				LastUpgradeCheck = 0510;
				ORGANIZATIONNAME = Terry;
				TargetAttributes = {
					DE5F694D19AD80AB00392416 = {
						TestTargetID = DE5F693219AD80AB00392416;
					};
				};
			};
			buildConfigurationList = DE5F692E19AD80AB00392416 /* Build configuration list for PBXProject "ActivitiesTreasure-iOS" */;
			compatibilityVersion = "Xcode 3.2";
			developmentRegion = English;
			hasScannedForEncodings = 0;
			knownRegions = (
				en,
			);
			mainGroup = DE5F692A19AD80AB00392416;
			productRefGroup = DE5F693419AD80AB00392416 /* Products */;
			projectDirPath = "";
			projectRoot = "";
			targets = (
				DE5F693219AD80AB00392416 /* ActivitiesTreasure-iOS */,
				DE5F694D19AD80AB00392416 /* ActivitiesTreasure-iOSTests */,
			);
		};
/* End PBXProject section */

/* Begin PBXResourcesBuildPhase section */
		DE5F693119AD80AB00392416 /* Resources */ = {
			isa = PBXResourcesBuildPhase;
			buildActionMask = 2147483647;
			files = (
				DE5F694119AD80AB00392416 /* InfoPlist.strings in Resources */,
				DE5F694919AD80AB00392416 /* Images.xcassets in Resources */,
			);
			runOnlyForDeploymentPostprocessing = 0;
		};
		DE5F694C19AD80AB00392416 /* Resources */ = {
			isa = PBXResourcesBuildPhase;
			buildActionMask = 2147483647;
			files = (
				DE5F695A19AD80AB00392416 /* InfoPlist.strings in Resources */,
			);
			runOnlyForDeploymentPostprocessing = 0;
		};
/* End PBXResourcesBuildPhase section */

/* Begin PBXSourcesBuildPhase section */
		DE5F692F19AD80AB00392416 /* Sources */ = {
			isa = PBXSourcesBuildPhase;
			buildActionMask = 2147483647;
			files = (
				DE5F694719AD80AB00392416 /* AppDelegate.m in Sources */,
				DE5F694319AD80AB00392416 /* main.m in Sources */,
			);
			runOnlyForDeploymentPostprocessing = 0;
		};
		DE5F694A19AD80AB00392416 /* Sources */ = {
			isa = PBXSourcesBuildPhase;
			buildActionMask = 2147483647;
			files = (
				DE5F695C19AD80AB00392416 /* ActivitiesTreasure_iOSTests.m in Sources */,
			);
			runOnlyForDeploymentPostprocessing = 0;
		};
/* End PBXSourcesBuildPhase section */

/* Begin PBXTargetDependency section */
		DE5F695419AD80AB00392416 /* PBXTargetDependency */ = {
			isa = PBXTargetDependency;
			target = DE5F693219AD80AB00392416 /* ActivitiesTreasure-iOS */;
			targetProxy = DE5F695319AD80AB00392416 /* PBXContainerItemProxy */;
		};
/* End PBXTargetDependency section */

/* Begin PBXVariantGroup section */
		DE5F693F19AD80AB00392416 /* InfoPlist.strings */ = {
			isa = PBXVariantGroup;
			children = (
				DE5F694019AD80AB00392416 /* en */,
			);
			name = InfoPlist.strings;
			sourceTree = "<group>";
		};
		DE5F695819AD80AB00392416 /* InfoPlist.strings */ = {
			isa = PBXVariantGroup;
			children = (
				DE5F695919AD80AB00392416 /* en */,
			);
			name = InfoPlist.strings;
			sourceTree = "<group>";
		};
/* End PBXVariantGroup section */

/* Begin XCBuildConfiguration section */
		DE5F695D19AD80AB00392416 /* Debug */ = {
			isa = XCBuildConfiguration;
			buildSettings = {
				ALWAYS_SEARCH_USER_PATHS = NO;
				CLANG_CXX_LANGUAGE_STANDARD = "gnu++0x";
				CLANG_CXX_LIBRARY = "libc++";
				CLANG_ENABLE_MODULES = YES;
				CLANG_ENABLE_OBJC_ARC = YES;
				CLANG_WARN_BOOL_CONVERSION = YES;
				CLANG_WARN_CONSTANT_CONVERSION = YES;
				CLANG_WARN_DIRECT_OBJC_ISA_USAGE = YES_ERROR;
				CLANG_WARN_EMPTY_BODY = YES;
				CLANG_WARN_ENUM_CONVERSION = YES;
				CLANG_WARN_INT_CONVERSION = YES;
				CLANG_WARN_OBJC_ROOT_CLASS = YES_ERROR;
				CLANG_WARN__DUPLICATE_METHOD_MATCH = YES;
				"CODE_SIGN_IDENTITY[sdk=iphoneos*]" = "iPhone Developer";
				COPY_PHASE_STRIP = NO;
				GCC_C_LANGUAGE_STANDARD = gnu99;
				GCC_DYNAMIC_NO_PIC = NO;
				GCC_OPTIMIZATION_LEVEL = 0;
				GCC_PREPROCESSOR_DEFINITIONS = (
					"DEBUG=1",
					"$(inherited)",
				);
				GCC_SYMBOLS_PRIVATE_EXTERN = NO;
				GCC_WARN_64_TO_32_BIT_CONVERSION = YES;
				GCC_WARN_ABOUT_RETURN_TYPE = YES_ERROR;
				GCC_WARN_UNDECLARED_SELECTOR = YES;
				GCC_WARN_UNINITIALIZED_AUTOS = YES_AGGRESSIVE;
				GCC_WARN_UNUSED_FUNCTION = YES;
				GCC_WARN_UNUSED_VARIABLE = YES;
				IPHONEOS_DEPLOYMENT_TARGET = 7.1;
				ONLY_ACTIVE_ARCH = YES;
				SDKROOT = iphoneos;
				TARGETED_DEVICE_FAMILY = "1,2";
			};
			name = Debug;
		};
		DE5F695E19AD80AB00392416 /* Release */ = {
			isa = XCBuildConfiguration;
			buildSettings = {
				ALWAYS_SEARCH_USER_PATHS = NO;
				CLANG_CXX_LANGUAGE_STANDARD = "gnu++0x";
				CLANG_CXX_LIBRARY = "libc++";
				CLANG_ENABLE_MODULES = YES;
				CLANG_ENABLE_OBJC_ARC = YES;
				CLANG_WARN_BOOL_CONVERSION = YES;
				CLANG_WARN_CONSTANT_CONVERSION = YES;
				CLANG_WARN_DIRECT_OBJC_ISA_USAGE = YES_ERROR;
				CLANG_WARN_EMPTY_BODY = YES;
				CLANG_WARN_ENUM_CONVERSION = YES;
				CLANG_WARN_INT_CONVERSION = YES;
				CLANG_WARN_OBJC_ROOT_CLASS = YES_ERROR;
				CLANG_WARN__DUPLICATE_METHOD_MATCH = YES;
				"CODE_SIGN_IDENTITY[sdk=iphoneos*]" = "iPhone Developer";
				COPY_PHASE_STRIP = YES;
				ENABLE_NS_ASSERTIONS = NO;
				GCC_C_LANGUAGE_STANDARD = gnu99;
				GCC_WARN_64_TO_32_BIT_CONVERSION = YES;
				GCC_WARN_ABOUT_RETURN_TYPE = YES_ERROR;
				GCC_WARN_UNDECLARED_SELECTOR = YES;
				GCC_WARN_UNINITIALIZED_AUTOS = YES_AGGRESSIVE;
				GCC_WARN_UNUSED_FUNCTION = YES;
				GCC_WARN_UNUSED_VARIABLE = YES;
				IPHONEOS_DEPLOYMENT_TARGET = 7.1;
				SDKROOT = iphoneos;
				TARGETED_DEVICE_FAMILY = "1,2";
				VALIDATE_PRODUCT = YES;
			};
			name = Release;
		};
		DE5F696019AD80AB00392416 /* Debug */ = {
			isa = XCBuildConfiguration;
			buildSettings = {
				ASSETCATALOG_COMPILER_APPICON_NAME = AppIcon;
				ASSETCATALOG_COMPILER_LAUNCHIMAGE_NAME = LaunchImage;
				GCC_PRECOMPILE_PREFIX_HEADER = YES;
				GCC_PREFIX_HEADER = "ActivitiesTreasure-iOS/ActivitiesTreasure-iOS-Prefix.pch";
				INFOPLIST_FILE = "ActivitiesTreasure-iOS/ActivitiesTreasure-iOS-Info.plist";
				PRODUCT_NAME = "$(TARGET_NAME)";
				WRAPPER_EXTENSION = app;
			};
			name = Debug;
		};
		DE5F696119AD80AB00392416 /* Release */ = {
			isa = XCBuildConfiguration;
			buildSettings = {
				ASSETCATALOG_COMPILER_APPICON_NAME = AppIcon;
				ASSETCATALOG_COMPILER_LAUNCHIMAGE_NAME = LaunchImage;
				GCC_PRECOMPILE_PREFIX_HEADER = YES;
				GCC_PREFIX_HEADER = "ActivitiesTreasure-iOS/ActivitiesTreasure-iOS-Prefix.pch";
				INFOPLIST_FILE = "ActivitiesTreasure-iOS/ActivitiesTreasure-iOS-Info.plist";
				PRODUCT_NAME = "$(TARGET_NAME)";
				WRAPPER_EXTENSION = app;
			};
			name = Release;
		};
		DE5F696319AD80AB00392416 /* Debug */ = {
			isa = XCBuildConfiguration;
			buildSettings = {
				BUNDLE_LOADER = "$(BUILT_PRODUCTS_DIR)/ActivitiesTreasure-iOS.app/ActivitiesTreasure-iOS";
				FRAMEWORK_SEARCH_PATHS = (
					"$(SDKROOT)/Developer/Library/Frameworks",
					"$(inherited)",
					"$(DEVELOPER_FRAMEWORKS_DIR)",
				);
				GCC_PRECOMPILE_PREFIX_HEADER = YES;
				GCC_PREFIX_HEADER = "ActivitiesTreasure-iOS/ActivitiesTreasure-iOS-Prefix.pch";
				GCC_PREPROCESSOR_DEFINITIONS = (
					"DEBUG=1",
					"$(inherited)",
				);
				INFOPLIST_FILE = "ActivitiesTreasure-iOSTests/ActivitiesTreasure-iOSTests-Info.plist";
				PRODUCT_NAME = "$(TARGET_NAME)";
				TEST_HOST = "$(BUNDLE_LOADER)";
				WRAPPER_EXTENSION = xctest;
			};
			name = Debug;
		};
		DE5F696419AD80AB00392416 /* Release */ = {
			isa = XCBuildConfiguration;
			buildSettings = {
				BUNDLE_LOADER = "$(BUILT_PRODUCTS_DIR)/ActivitiesTreasure-iOS.app/ActivitiesTreasure-iOS";
				FRAMEWORK_SEARCH_PATHS = (
					"$(SDKROOT)/Developer/Library/Frameworks",
					"$(inherited)",
					"$(DEVELOPER_FRAMEWORKS_DIR)",
				);
				GCC_PRECOMPILE_PREFIX_HEADER = YES;
				GCC_PREFIX_HEADER = "ActivitiesTreasure-iOS/ActivitiesTreasure-iOS-Prefix.pch";
				INFOPLIST_FILE = "ActivitiesTreasure-iOSTests/ActivitiesTreasure-iOSTests-Info.plist";
				PRODUCT_NAME = "$(TARGET_NAME)";
				TEST_HOST = "$(BUNDLE_LOADER)";
				WRAPPER_EXTENSION = xctest;
			};
			name = Release;
		};
/* End XCBuildConfiguration section */

/* Begin XCConfigurationList section */
		DE5F692E19AD80AB00392416 /* Build configuration list for PBXProject "ActivitiesTreasure-iOS" */ = {
			isa = XCConfigurationList;
			buildConfigurations = (
				DE5F695D19AD80AB00392416 /* Debug */,
				DE5F695E19AD80AB00392416 /* Release */,
			);
			defaultConfigurationIsVisible = 0;
			defaultConfigurationName = Release;
		};
		DE5F695F19AD80AB00392416 /* Build configuration list for PBXNativeTarget "ActivitiesTreasure-iOS" */ = {
			isa = XCConfigurationList;
			buildConfigurations = (
				DE5F696019AD80AB00392416 /* Debug */,
				DE5F696119AD80AB00392416 /* Release */,
			);
			defaultConfigurationIsVisible = 0;
		};
		DE5F696219AD80AB00392416 /* Build configuration list for PBXNativeTarget "ActivitiesTreasure-iOSTests" */ = {
			isa = XCConfigurationList;
			buildConfigurations = (
				DE5F696319AD80AB00392416 /* Debug */,
				DE5F696419AD80AB00392416 /* Release */,
			);
			defaultConfigurationIsVisible = 0;
		};
/* End XCConfigurationList section */
	};
	rootObject = DE5F692B19AD80AB00392416 /* Project object */;
}
